
Microsoft Visual Studio Solution File, Format Version 12.00
# Visual Studio Version 17
VisualStudioVersion = 17.10.34607.79
MinimumVisualStudioVersion = 10.0.40219.1
Project("{9A19103F-16F7-4668-BE54-9A1E7A4F7556}") = "BlazorIdWithLinq2db", "BlazorIdWithLinq2db\BlazorIdWithLinq2db.csproj", "{C8C4A233-125B-488F-8D4E-489E11235488}"
EndProject
Project("{9A19103F-16F7-4668-BE54-9A1E7A4F7556}") = "BlazorIdWithLinq2db.Client", "BlazorIdWithLinq2db.Client\BlazorIdWithLinq2db.Client.csproj", "{59A383F1-5147-4927-A1F5-13CB57FCD34A}"
EndProject
Project("{FAE04EC0-301F-11D3-BF4B-00C04F79EFBC}") = "Linq2DB.CustomIdentity", "Linq2DB.CustomIdentity\Linq2DB.CustomIdentity.csproj", "{5A66A75F-2048-4399-A638-DA9C20ACF422}"
EndProject
Project("{2150E333-8FDC-42A3-9474-1A3956D46DE8}") = "samples", "samples", "{27D23C19-E099-422A-B0DC-884592864A8E}"
EndProject
Global
	GlobalSection(SolutionConfigurationPlatforms) = preSolution
		Debug|Any CPU = Debug|Any CPU
		Release|Any CPU = Release|Any CPU
	EndGlobalSection
	GlobalSection(ProjectConfigurationPlatforms) = postSolution
		{C8C4A233-125B-488F-8D4E-489E11235488}.Debug|Any CPU.ActiveCfg = Debug|Any CPU
		{C8C4A233-125B-488F-8D4E-489E11235488}.Debug|Any CPU.Build.0 = Debug|Any CPU
		{C8C4A233-125B-488F-8D4E-489E11235488}.Release|Any CPU.ActiveCfg = Release|Any CPU
		{C8C4A233-125B-488F-8D4E-489E11235488}.Release|Any CPU.Build.0 = Release|Any CPU
		{59A383F1-5147-4927-A1F5-13CB57FCD34A}.Debug|Any CPU.ActiveCfg = Debug|Any CPU
		{59A383F1-5147-4927-A1F5-13CB57FCD34A}.Debug|Any CPU.Build.0 = Debug|Any CPU
		{59A383F1-5147-4927-A1F5-13CB57FCD34A}.Release|Any CPU.ActiveCfg = Release|Any CPU
		{59A383F1-5147-4927-A1F5-13CB57FCD34A}.Release|Any CPU.Build.0 = Release|Any CPU
		{5A66A75F-2048-4399-A638-DA9C20ACF422}.Debug|Any CPU.ActiveCfg = Debug|Any CPU
		{5A66A75F-2048-4399-A638-DA9C20ACF422}.Debug|Any CPU.Build.0 = Debug|Any CPU
		{5A66A75F-2048-4399-A638-DA9C20ACF422}.Release|Any CPU.ActiveCfg = Release|Any CPU
		{5A66A75F-2048-4399-A638-DA9C20ACF422}.Release|Any CPU.Build.0 = Release|Any CPU
	EndGlobalSection
	GlobalSection(SolutionProperties) = preSolution
		HideSolutionNode = FALSE
	EndGlobalSection
	GlobalSection(NestedProjects) = preSolution
		{C8C4A233-125B-488F-8D4E-489E11235488} = {27D23C19-E099-422A-B0DC-884592864A8E}
		{59A383F1-5147-4927-A1F5-13CB57FCD34A} = {27D23C19-E099-422A-B0DC-884592864A8E}
	EndGlobalSection
	GlobalSection(ExtensibilityGlobals) = postSolution
		SolutionGuid = {AA34472A-2FE3-4739-B5DA-DFCA4362F6D4}
	EndGlobalSection
EndGlobal
